PODS:
  - AFNetworking (2.0.0-RC3):
    - AFNetworking/Core
  - AFNetworking/Core (2.0.0-RC3):
    - AFNetworking/NSURLConnection
    - AFNetworking/Reachability
    - AFNetworking/Security
    - AFNetworking/Serialization
  - AFNetworking/NSURLConnection (2.0.0-RC3)
  - AFNetworking/Reachability (2.0.0-RC3)
  - AFNetworking/Security (2.0.0-RC3)
  - AFNetworking/Serialization (2.0.0-RC3)
  - Mixpanel (2.0.2)
  - SSKeychain (1.2.1)
  - TestFlightSDK (2.0)

DEPENDENCIES:
  - AFNetworking
  - Mixpanel
  - SSKeychain
  - TestFlightSDK

SPEC CHECKSUMS:
  AFNetworking: 49f64af62e643a68a3f906202f4ed51e18f3bd5c
  Mixpanel: 7829ba2cc58d251a4674520109e9bfead76acc98
  SSKeychain: d18926838c2e7cd342e2a49e9f869858e49f035a
  TestFlightSDK: 940906d4b2550cf397c6f2d2fcc4ebfdcd8ae858

COCOAPODS: 0.25.0
